{
  "version": 4,
  "terraform_version": "0.12.24",
  "serial": 32,
  "lineage": "0d04ae25-2283-6882-044a-178310131992",
  "outputs": {},
  "resources": [
    {
      "mode": "managed",
      "type": "aws_eip",
      "name": "ip",
      "provider": "provider.aws",
      "instances": []
    },
    {
      "mode": "managed",
      "type": "aws_instance",
      "name": "example",
      "provider": "provider.aws",
      "instances": [
        {
          "status": "tainted",
          "schema_version": 1,
          "attributes": {
            "ami": "ami-04590e7389a6e577c",
            "arn": "arn:aws:ec2:us-west-2:617466615102:instance/i-0198de2b8c756c682",
            "associate_public_ip_address": true,
            "availability_zone": "us-west-2b",
            "cpu_core_count": 1,
            "cpu_threads_per_core": 1,
            "credit_specification": [
              {
                "cpu_credits": "standard"
              }
            ],
            "disable_api_termination": false,
            "ebs_block_device": [],
            "ebs_optimized": false,
            "ephemeral_block_device": [],
            "get_password_data": false,
            "hibernation": false,
            "host_id": null,
            "iam_instance_profile": "",
            "id": "i-0198de2b8c756c682",
            "instance_initiated_shutdown_behavior": null,
            "instance_state": "running",
            "instance_type": "t2.micro",
            "ipv6_address_count": 0,
            "ipv6_addresses": [],
            "key_name": "examplekey",
            "monitoring": false,
            "network_interface": [],
            "network_interface_id": null,
            "password_data": "",
            "placement_group": "",
            "primary_network_interface_id": "eni-0453b947bb930b369",
            "private_dns": "ip-172-31-54-232.us-west-2.compute.internal",
            "private_ip": "172.31.54.232",
            "public_dns": "ec2-52-37-215-56.us-west-2.compute.amazonaws.com",
            "public_ip": "52.37.215.56",
            "root_block_device": [
              {
                "delete_on_termination": true,
                "encrypted": false,
                "iops": 100,
                "kms_key_id": "",
                "volume_id": "vol-0c2ed0062c8f21fb3",
                "volume_size": 8,
                "volume_type": "gp2"
              }
            ],
            "security_groups": [
              "default"
            ],
            "source_dest_check": true,
            "subnet_id": "subnet-4088db0b",
            "tags": null,
            "tenancy": "default",
            "timeouts": null,
            "user_data": null,
            "user_data_base64": null,
            "volume_tags": {},
            "vpc_security_group_ids": [
              "sg-7bac0233"
            ]
          },
          "private": "eyJlMmJmYjczMC1lY2FhLTExZTYtOGY4OC0zNDM2M2JjN2M0YzAiOnsiY3JlYXRlIjo2MDAwMDAwMDAwMDAsImRlbGV0ZSI6MTIwMDAwMDAwMDAwMCwidXBkYXRlIjo2MDAwMDAwMDAwMDB9LCJzY2hlbWFfdmVyc2lvbiI6IjEifQ==",
          "dependencies": [
            "aws_key_pair.example"
          ]
        }
      ]
    },
    {
      "mode": "managed",
      "type": "aws_key_pair",
      "name": "example",
      "provider": "provider.aws",
      "instances": [
        {
          "schema_version": 1,
          "attributes": {
            "fingerprint": "7d:48:dc:0e:40:a1:da:a2:ef:09:0c:fc:1c:a1:b7:aa",
            "id": "examplekey",
            "key_name": "examplekey",
            "key_name_prefix": null,
            "key_pair_id": "key-034395939f9bcae96",
            "public_key": "ssh-rsa AAAAB3NzaC1yc2EAAAADAQABAAABAQCyO9rFOLiedVef03gQ80KhlmbKAOCgGd+0fJqaOLF3q07jQOwduPKZxVWXVPSplkauVHu3PBgiLQ1B4NI447sdkj8SlrxSwgH4h5zSZFZ6s+FmT0iC+7NvtIU7UCLl98j7rWo4TNh5qC6QVH4PU7P/OnCec47KIsExj3BMZXmUi2ocTVpiZ1onVivRQm1ELMznv++DJNSPWUf3yDP6tOPs/FbKK53X6zpCc1FJFSzw7YUlMmiWvlzOEOiEWco4MHpBvFongeecsThntBh/8tNrwQMqSgs9LXL2fCbYfBke+4WZocnFgRj4hB1vicEwhVYgZqM3uAOxRRGLo3OOGTUH kenny.rachuonyo@C02T41N2G8WN",
            "tags": {}
          },
          "private": "eyJzY2hlbWFfdmVyc2lvbiI6IjEifQ=="
        }
      ]
    }
  ]
}
